
Microsoft Visual Studio Solution File, Format Version 12.00
# Visual Studio 14
VisualStudioVersion = 14.0.25420.1
MinimumVisualStudioVersion = 10.0.40219.1
Project("{00D1A9C2-B5F0-4AF3-8072-F6C62B433612}") = "Database", "Database\Database.sqlproj", "{B2EEE077-3FA3-4581-B849-A5970E93A174}"
EndProject
Project("{159641D6-6404-4A2A-AE62-294DE0FE8301}") = "Packages", "Packages\Packages.dtproj", "{CB322375-9AE4-4E0A-81FA-0D1BC046F460}"
EndProject
Global
	GlobalSection(SolutionConfigurationPlatforms) = preSolution
		Debug|Any CPU = Debug|Any CPU
		Development|Any CPU = Development|Any CPU
		Release|Any CPU = Release|Any CPU
	EndGlobalSection
	GlobalSection(ProjectConfigurationPlatforms) = postSolution
		{B2EEE077-3FA3-4581-B849-A5970E93A174}.Debug|Any CPU.ActiveCfg = Debug|Any CPU
		{B2EEE077-3FA3-4581-B849-A5970E93A174}.Debug|Any CPU.Build.0 = Debug|Any CPU
		{B2EEE077-3FA3-4581-B849-A5970E93A174}.Debug|Any CPU.Deploy.0 = Debug|Any CPU
		{B2EEE077-3FA3-4581-B849-A5970E93A174}.Development|Any CPU.ActiveCfg = Debug|Any CPU
		{B2EEE077-3FA3-4581-B849-A5970E93A174}.Development|Any CPU.Build.0 = Debug|Any CPU
		{B2EEE077-3FA3-4581-B849-A5970E93A174}.Development|Any CPU.Deploy.0 = Debug|Any CPU
		{B2EEE077-3FA3-4581-B849-A5970E93A174}.Release|Any CPU.ActiveCfg = Release|Any CPU
		{B2EEE077-3FA3-4581-B849-A5970E93A174}.Release|Any CPU.Build.0 = Release|Any CPU
		{B2EEE077-3FA3-4581-B849-A5970E93A174}.Release|Any CPU.Deploy.0 = Release|Any CPU
		{CB322375-9AE4-4E0A-81FA-0D1BC046F460}.Debug|Any CPU.ActiveCfg = Development
		{CB322375-9AE4-4E0A-81FA-0D1BC046F460}.Debug|Any CPU.Build.0 = Development
		{CB322375-9AE4-4E0A-81FA-0D1BC046F460}.Development|Any CPU.ActiveCfg = Development
		{CB322375-9AE4-4E0A-81FA-0D1BC046F460}.Development|Any CPU.Build.0 = Development
		{CB322375-9AE4-4E0A-81FA-0D1BC046F460}.Release|Any CPU.ActiveCfg = Development
		{CB322375-9AE4-4E0A-81FA-0D1BC046F460}.Release|Any CPU.Build.0 = Development
	EndGlobalSection
	GlobalSection(SolutionProperties) = preSolution
		HideSolutionNode = FALSE
	EndGlobalSection
EndGlobal
